
Microsoft Visual Studio Solution File, Format Version 12.00
# Visual Studio 15
VisualStudioVersion = 15.0.28307.705
MinimumVisualStudioVersion = 10.0.40219.1
Project("{FAE04EC0-301F-11D3-BF4B-00C04F79EFBC}") = "CS Service Runner", "CS Service Runner\CS Service Runner.csproj", "{0D062089-20E2-46BD-9A8E-10A88B36B57C}"
EndProject
Global
	GlobalSection(SolutionConfigurationPlatforms) = preSolution
		Debug|Any CPU = Debug|Any CPU
		Release|Any CPU = Release|Any CPU
	EndGlobalSection
	GlobalSection(ProjectConfigurationPlatforms) = postSolution
		{0D062089-20E2-46BD-9A8E-10A88B36B57C}.Debug|Any CPU.ActiveCfg = Debug|Any CPU
		{0D062089-20E2-46BD-9A8E-10A88B36B57C}.Debug|Any CPU.Build.0 = Debug|Any CPU
		{0D062089-20E2-46BD-9A8E-10A88B36B57C}.Release|Any CPU.ActiveCfg = Release|Any CPU
		{0D062089-20E2-46BD-9A8E-10A88B36B57C}.Release|Any CPU.Build.0 = Release|Any CPU
	EndGlobalSection
	GlobalSection(SolutionProperties) = preSolution
		HideSolutionNode = FALSE
	EndGlobalSection
	GlobalSection(ExtensibilityGlobals) = postSolution
		SolutionGuid = {94F7DB1D-B1F1-4820-B76A-FC8424E2C3B3}
	EndGlobalSection
EndGlobal
